
Microsoft Visual Studio Solution File, Format Version 12.00
# Visual Studio Version 16
VisualStudioVersion = 16.0.31613.86
MinimumVisualStudioVersion = 10.0.40219.1
Project("{FAE04EC0-301F-11D3-BF4B-00C04F79EFBC}") = "MVC_Calc", "MVC_Calc.csproj", "{180D1FB0-BEE3-4465-9355-8FC634A61809}"
EndProject
Global
	GlobalSection(SolutionConfigurationPlatforms) = preSolution
		Debug|Any CPU = Debug|Any CPU
		Release|Any CPU = Release|Any CPU
	EndGlobalSection
	GlobalSection(ProjectConfigurationPlatforms) = postSolution
		{180D1FB0-BEE3-4465-9355-8FC634A61809}.Debug|Any CPU.ActiveCfg = Debug|Any CPU
		{180D1FB0-BEE3-4465-9355-8FC634A61809}.Debug|Any CPU.Build.0 = Debug|Any CPU
		{180D1FB0-BEE3-4465-9355-8FC634A61809}.Release|Any CPU.ActiveCfg = Release|Any CPU
		{180D1FB0-BEE3-4465-9355-8FC634A61809}.Release|Any CPU.Build.0 = Release|Any CPU
	EndGlobalSection
	GlobalSection(SolutionProperties) = preSolution
		HideSolutionNode = FALSE
	EndGlobalSection
	GlobalSection(ExtensibilityGlobals) = postSolution
		SolutionGuid = {88102147-17A8-4CED-BEC4-1522CB2F0F47}
	EndGlobalSection
EndGlobal
